{
    "_readme": [
        "This file locks the dependencies of your project to a known state",
        "Read more about it at https://getcomposer.org/doc/01-basic-usage.md#composer-lock-the-lock-file",
        "This file is @generated automatically"
    ],
    "hash": "49881c905ee3037a6afb52742b4cd71f",
    "content-hash": "e1c0b899dd98d16fbfa2253ebc36adb0",
    "packages": [
        {
            "name": "irap/migrations",
            "version": "1.0.2",
            "source": {
                "type": "git",
                "url": "https://github.com/iRAP-software/package-migrations.git",
                "reference": "c14b0b2ebef0b7f0db8666128cdc3d28d7d9a563"
            },
            "dist": {
                "type": "zip",
                "url": "https://api.github.com/repos/iRAP-software/package-migrations/zipball/c14b0b2ebef0b7f0db8666128cdc3d28d7d9a563",
                "reference": "c14b0b2ebef0b7f0db8666128cdc3d28d7d9a563",
                "shasum": ""
            },
            "require": {
                "irap/table-creator": "1.0.*",
                "php": ">=5.3.0"
            },
            "type": "library",
            "autoload": {
                "psr-4": {
                    "iRAP\\Migrations\\": ""
                }
            },
            "notification-url": "https://packagist.org/downloads/",
            "license": [
                "none"
            ],
            "authors": [
                {
                    "name": "Stuart Page",
                    "email": "stuart.page@irap.org",
                    "homepage": "http://irap.org/",
                    "role": "Developer"
                }
            ],
            "description": "Package handling Mysql Migrations/versioning.",
            "homepage": "http://www.irap.org/",
            "keywords": [
                "models",
                "mysql",
                "mysqli"
            ],
            "time": "2015-10-28 13:56:28"
        },
        {
            "name": "irap/table-creator",
            "version": "1.0.2",
            "source": {
                "type": "git",
                "url": "https://github.com/iRAP-software/package-table-creator.git",
                "reference": "2b0e376dfb4a6d2fb834ac833f7238c827cebc87"
            },
            "dist": {
                "type": "zip",
                "url": "https://api.github.com/repos/iRAP-software/package-table-creator/zipball/2b0e376dfb4a6d2fb834ac833f7238c827cebc87",
                "reference": "2b0e376dfb4a6d2fb834ac833f7238c827cebc87",
                "shasum": ""
            },
            "require": {
                "php": ">=5.3.0"
            },
            "type": "library",
            "autoload": {
                "psr-4": {
                    "iRAP\\TableCreator\\": ""
                }
            },
            "notification-url": "https://packagist.org/downloads/",
            "license": [
                "MIT"
            ],
            "authors": [
                {
                    "name": "Stuart Page",
                    "email": "stuart.page@iRAP.org",
                    "role": "Developer"
                }
            ],
            "description": "Package creating or editing MySQL tables.",
            "keywords": [
                "models",
                "mysql",
                "mysqli"
            ],
            "time": "2015-11-22 12:28:01"
        },
        {
            "name": "michelf/php-markdown",
            "version": "1.6.0",
            "source": {
                "type": "git",
                "url": "https://github.com/michelf/php-markdown.git",
                "reference": "156e56ee036505ec637d761ee62dc425d807183c"
            },
            "dist": {
                "type": "zip",
                "url": "https://api.github.com/repos/michelf/php-markdown/zipball/156e56ee036505ec637d761ee62dc425d807183c",
                "reference": "156e56ee036505ec637d761ee62dc425d807183c",
                "shasum": ""
            },
            "require": {
                "php": ">=5.3.0"
            },
            "type": "library",
            "extra": {
                "branch-alias": {
                    "dev-lib": "1.4.x-dev"
                }
            },
            "autoload": {
                "psr-0": {
                    "Michelf": ""
                }
            },
            "notification-url": "https://packagist.org/downloads/",
            "license": [
                "BSD-3-Clause"
            ],
            "authors": [
                {
                    "name": "Michel Fortin",
                    "email": "michel.fortin@michelf.ca",
                    "homepage": "https://michelf.ca/",
                    "role": "Developer"
                },
                {
                    "name": "John Gruber",
                    "homepage": "https://daringfireball.net/"
                }
            ],
            "description": "PHP Markdown",
            "homepage": "https://michelf.ca/projects/php-markdown/",
            "keywords": [
                "markdown"
            ],
            "time": "2015-12-24 01:37:31"
        }
    ],
    "packages-dev": [],
    "aliases": [],
    "minimum-stability": "stable",
    "stability-flags": [],
    "prefer-stable": false,
    "prefer-lowest": false,
    "platform": [],
    "platform-dev": []
}
